
Microsoft Visual Studio Solution File, Format Version 12.00
# Visual Studio Version 17
VisualStudioVersion = 17.0.31903.59
MinimumVisualStudioVersion = 10.0.40219.1
Project("{FAE04EC0-301F-11D3-BF4B-00C04F79EFBC}") = "TodoApi", "TodoApi\TodoApi.csproj", "{9B4182BE-01D9-4440-AEE4-1579B531B8F1}"
EndProject
Project("{FAE04EC0-301F-11D3-BF4B-00C04F79EFBC}") = "ToDo.LogicaAplicacion", "ToDo.LogicaAplicacion\ToDo.LogicaAplicacion.csproj", "{1374B56C-0835-4EBE-9CA6-BC4F2AAFAE76}"
EndProject
Project("{FAE04EC0-301F-11D3-BF4B-00C04F79EFBC}") = "AccesoDatos", "AccesoDatos\AccesoDatos.csproj", "{60B6679A-7831-44E7-8380-3A4EA1D4846F}"
EndProject
Project("{FAE04EC0-301F-11D3-BF4B-00C04F79EFBC}") = "Dominio", "Dominio\Dominio.csproj", "{E2A29CBB-C76F-4543-A042-15145D9A1B6E}"
EndProject
Global
	GlobalSection(SolutionConfigurationPlatforms) = preSolution
		Debug|Any CPU = Debug|Any CPU
		Release|Any CPU = Release|Any CPU
	EndGlobalSection
	GlobalSection(ProjectConfigurationPlatforms) = postSolution
		{9B4182BE-01D9-4440-AEE4-1579B531B8F1}.Debug|Any CPU.ActiveCfg = Debug|Any CPU
		{9B4182BE-01D9-4440-AEE4-1579B531B8F1}.Debug|Any CPU.Build.0 = Debug|Any CPU
		{9B4182BE-01D9-4440-AEE4-1579B531B8F1}.Release|Any CPU.ActiveCfg = Release|Any CPU
		{9B4182BE-01D9-4440-AEE4-1579B531B8F1}.Release|Any CPU.Build.0 = Release|Any CPU
		{1374B56C-0835-4EBE-9CA6-BC4F2AAFAE76}.Debug|Any CPU.ActiveCfg = Debug|Any CPU
		{1374B56C-0835-4EBE-9CA6-BC4F2AAFAE76}.Debug|Any CPU.Build.0 = Debug|Any CPU
		{1374B56C-0835-4EBE-9CA6-BC4F2AAFAE76}.Release|Any CPU.ActiveCfg = Release|Any CPU
		{1374B56C-0835-4EBE-9CA6-BC4F2AAFAE76}.Release|Any CPU.Build.0 = Release|Any CPU
		{60B6679A-7831-44E7-8380-3A4EA1D4846F}.Debug|Any CPU.ActiveCfg = Debug|Any CPU
		{60B6679A-7831-44E7-8380-3A4EA1D4846F}.Debug|Any CPU.Build.0 = Debug|Any CPU
		{60B6679A-7831-44E7-8380-3A4EA1D4846F}.Release|Any CPU.ActiveCfg = Release|Any CPU
		{60B6679A-7831-44E7-8380-3A4EA1D4846F}.Release|Any CPU.Build.0 = Release|Any CPU
		{E2A29CBB-C76F-4543-A042-15145D9A1B6E}.Debug|Any CPU.ActiveCfg = Debug|Any CPU
		{E2A29CBB-C76F-4543-A042-15145D9A1B6E}.Debug|Any CPU.Build.0 = Debug|Any CPU
		{E2A29CBB-C76F-4543-A042-15145D9A1B6E}.Release|Any CPU.ActiveCfg = Release|Any CPU
		{E2A29CBB-C76F-4543-A042-15145D9A1B6E}.Release|Any CPU.Build.0 = Release|Any CPU
	EndGlobalSection
	GlobalSection(SolutionProperties) = preSolution
		HideSolutionNode = FALSE
	EndGlobalSection
	GlobalSection(ExtensibilityGlobals) = postSolution
		SolutionGuid = {1D3044E9-E91C-4D48-BF44-78DD2461B2B8}
	EndGlobalSection
EndGlobal
